
Microsoft Visual Studio Solution File, Format Version 12.00
# Visual Studio Version 16
VisualStudioVersion = 16.0.29920.165
MinimumVisualStudioVersion = 10.0.40219.1
Project("{9A19103F-16F7-4668-BE54-9A1E7A4F7556}") = "AspNetCore_RazorPages", "AspNetCore_RazorPages\AspNetCore_RazorPages.csproj", "{AE03448A-A0E3-4248-A288-E48E711EAA39}"
EndProject
Project("{9A19103F-16F7-4668-BE54-9A1E7A4F7556}") = "DepencyInjectionSample", "DepencyInjectionSample\DepencyInjectionSample.csproj", "{7502D329-7BDD-46DB-A627-FC77F1B96325}"
EndProject
Project("{9A19103F-16F7-4668-BE54-9A1E7A4F7556}") = "AspNetCore_MVC", "AspNetCore_MVC\AspNetCore_MVC.csproj", "{65E7F967-32A1-4273-BEEE-A1DB88616151}"
EndProject
Project("{2150E333-8FDC-42A3-9474-1A3956D46DE8}") = "Solution Items", "Solution Items", "{CEA625CE-4E75-4983-9316-B9BB61153334}"
	ProjectSection(SolutionItems) = preProject
		Agenda.txt = Agenda.txt
		RazorPagesVsMVC.txt = RazorPagesVsMVC.txt
		Referenzen.txt = Referenzen.txt
	EndProjectSection
EndProject
Project("{9A19103F-16F7-4668-BE54-9A1E7A4F7556}") = "PartialViewsSample", "PartialViewsSample\PartialViewsSample.csproj", "{0DA3F9C7-98CF-4F82-90A9-9818E6405C8E}"
EndProject
Project("{9A19103F-16F7-4668-BE54-9A1E7A4F7556}") = "Routing", "Routing\Routing.csproj", "{C9212920-2A31-4C0C-BE22-94B842FC9AC1}"
EndProject
Project("{9A19103F-16F7-4668-BE54-9A1E7A4F7556}") = "Todo.Domain", "Todo.Domain\Todo.Domain.csproj", "{D511DFF6-F852-4D2D-ABF9-A88BF7242220}"
EndProject
Project("{9A19103F-16F7-4668-BE54-9A1E7A4F7556}") = "TodoApi", "TodoApi\TodoApi.csproj", "{971594A7-3DE1-4541-B7CB-250735B770C6}"
EndProject
Project("{9A19103F-16F7-4668-BE54-9A1E7A4F7556}") = "WorkingWithStateManagement", "StateManagement\WorkingWithStateManagement.csproj", "{03A65D88-331C-4576-991B-21463153F0EB}"
EndProject
Project("{9A19103F-16F7-4668-BE54-9A1E7A4F7556}") = "Todo.MVC", "Todo.MVC\Todo.MVC.csproj", "{EF3A26B9-D2A3-4F9C-94E7-7436D3949719}"
EndProject
Project("{9A19103F-16F7-4668-BE54-9A1E7A4F7556}") = "Todo.Infrastructure", "Todo.Infrastructure\Todo.Infrastructure.csproj", "{62799D9A-5578-4016-9CA3-39B4CD474549}"
EndProject
Global
	GlobalSection(SolutionConfigurationPlatforms) = preSolution
		Debug|Any CPU = Debug|Any CPU
		Release|Any CPU = Release|Any CPU
	EndGlobalSection
	GlobalSection(ProjectConfigurationPlatforms) = postSolution
		{AE03448A-A0E3-4248-A288-E48E711EAA39}.Debug|Any CPU.ActiveCfg = Debug|Any CPU
		{AE03448A-A0E3-4248-A288-E48E711EAA39}.Debug|Any CPU.Build.0 = Debug|Any CPU
		{AE03448A-A0E3-4248-A288-E48E711EAA39}.Release|Any CPU.ActiveCfg = Release|Any CPU
		{AE03448A-A0E3-4248-A288-E48E711EAA39}.Release|Any CPU.Build.0 = Release|Any CPU
		{7502D329-7BDD-46DB-A627-FC77F1B96325}.Debug|Any CPU.ActiveCfg = Debug|Any CPU
		{7502D329-7BDD-46DB-A627-FC77F1B96325}.Debug|Any CPU.Build.0 = Debug|Any CPU
		{7502D329-7BDD-46DB-A627-FC77F1B96325}.Release|Any CPU.ActiveCfg = Release|Any CPU
		{7502D329-7BDD-46DB-A627-FC77F1B96325}.Release|Any CPU.Build.0 = Release|Any CPU
		{65E7F967-32A1-4273-BEEE-A1DB88616151}.Debug|Any CPU.ActiveCfg = Debug|Any CPU
		{65E7F967-32A1-4273-BEEE-A1DB88616151}.Debug|Any CPU.Build.0 = Debug|Any CPU
		{65E7F967-32A1-4273-BEEE-A1DB88616151}.Release|Any CPU.ActiveCfg = Release|Any CPU
		{65E7F967-32A1-4273-BEEE-A1DB88616151}.Release|Any CPU.Build.0 = Release|Any CPU
		{0DA3F9C7-98CF-4F82-90A9-9818E6405C8E}.Debug|Any CPU.ActiveCfg = Debug|Any CPU
		{0DA3F9C7-98CF-4F82-90A9-9818E6405C8E}.Debug|Any CPU.Build.0 = Debug|Any CPU
		{0DA3F9C7-98CF-4F82-90A9-9818E6405C8E}.Release|Any CPU.ActiveCfg = Release|Any CPU
		{0DA3F9C7-98CF-4F82-90A9-9818E6405C8E}.Release|Any CPU.Build.0 = Release|Any CPU
		{C9212920-2A31-4C0C-BE22-94B842FC9AC1}.Debug|Any CPU.ActiveCfg = Debug|Any CPU
		{C9212920-2A31-4C0C-BE22-94B842FC9AC1}.Debug|Any CPU.Build.0 = Debug|Any CPU
		{C9212920-2A31-4C0C-BE22-94B842FC9AC1}.Release|Any CPU.ActiveCfg = Release|Any CPU
		{C9212920-2A31-4C0C-BE22-94B842FC9AC1}.Release|Any CPU.Build.0 = Release|Any CPU
		{D511DFF6-F852-4D2D-ABF9-A88BF7242220}.Debug|Any CPU.ActiveCfg = Debug|Any CPU
		{D511DFF6-F852-4D2D-ABF9-A88BF7242220}.Debug|Any CPU.Build.0 = Debug|Any CPU
		{D511DFF6-F852-4D2D-ABF9-A88BF7242220}.Release|Any CPU.ActiveCfg = Release|Any CPU
		{D511DFF6-F852-4D2D-ABF9-A88BF7242220}.Release|Any CPU.Build.0 = Release|Any CPU
		{971594A7-3DE1-4541-B7CB-250735B770C6}.Debug|Any CPU.ActiveCfg = Debug|Any CPU
		{971594A7-3DE1-4541-B7CB-250735B770C6}.Debug|Any CPU.Build.0 = Debug|Any CPU
		{971594A7-3DE1-4541-B7CB-250735B770C6}.Release|Any CPU.ActiveCfg = Release|Any CPU
		{971594A7-3DE1-4541-B7CB-250735B770C6}.Release|Any CPU.Build.0 = Release|Any CPU
		{03A65D88-331C-4576-991B-21463153F0EB}.Debug|Any CPU.ActiveCfg = Debug|Any CPU
		{03A65D88-331C-4576-991B-21463153F0EB}.Debug|Any CPU.Build.0 = Debug|Any CPU
		{03A65D88-331C-4576-991B-21463153F0EB}.Release|Any CPU.ActiveCfg = Release|Any CPU
		{03A65D88-331C-4576-991B-21463153F0EB}.Release|Any CPU.Build.0 = Release|Any CPU
		{EF3A26B9-D2A3-4F9C-94E7-7436D3949719}.Debug|Any CPU.ActiveCfg = Debug|Any CPU
		{EF3A26B9-D2A3-4F9C-94E7-7436D3949719}.Debug|Any CPU.Build.0 = Debug|Any CPU
		{EF3A26B9-D2A3-4F9C-94E7-7436D3949719}.Release|Any CPU.ActiveCfg = Release|Any CPU
		{EF3A26B9-D2A3-4F9C-94E7-7436D3949719}.Release|Any CPU.Build.0 = Release|Any CPU
		{62799D9A-5578-4016-9CA3-39B4CD474549}.Debug|Any CPU.ActiveCfg = Debug|Any CPU
		{62799D9A-5578-4016-9CA3-39B4CD474549}.Debug|Any CPU.Build.0 = Debug|Any CPU
		{62799D9A-5578-4016-9CA3-39B4CD474549}.Release|Any CPU.ActiveCfg = Release|Any CPU
		{62799D9A-5578-4016-9CA3-39B4CD474549}.Release|Any CPU.Build.0 = Release|Any CPU
	EndGlobalSection
	GlobalSection(SolutionProperties) = preSolution
		HideSolutionNode = FALSE
	EndGlobalSection
	GlobalSection(ExtensibilityGlobals) = postSolution
		SolutionGuid = {7982AD1A-7E5A-476D-82B8-C714E54D2AD4}
	EndGlobalSection
EndGlobal
