
Microsoft Visual Studio Solution File, Format Version 12.00
# Visual Studio Version 16
VisualStudioVersion = 16.0.29920.165
MinimumVisualStudioVersion = 10.0.40219.1
Project("{FAE04EC0-301F-11D3-BF4B-00C04F79EFBC}") = "AspNetCore_RazorPages", "AspNetCore_RazorPages\AspNetCore_RazorPages.csproj", "{AE03448A-A0E3-4248-A288-E48E711EAA39}"
EndProject
Project("{FAE04EC0-301F-11D3-BF4B-00C04F79EFBC}") = "DepencyInjectionSample", "DepencyInjectionSample\DepencyInjectionSample.csproj", "{7502D329-7BDD-46DB-A627-FC77F1B96325}"
EndProject
Global
	GlobalSection(SolutionConfigurationPlatforms) = preSolution
		Debug|Any CPU = Debug|Any CPU
		Release|Any CPU = Release|Any CPU
	EndGlobalSection
	GlobalSection(ProjectConfigurationPlatforms) = postSolution
		{AE03448A-A0E3-4248-A288-E48E711EAA39}.Debug|Any CPU.ActiveCfg = Debug|Any CPU
		{AE03448A-A0E3-4248-A288-E48E711EAA39}.Debug|Any CPU.Build.0 = Debug|Any CPU
		{AE03448A-A0E3-4248-A288-E48E711EAA39}.Release|Any CPU.ActiveCfg = Release|Any CPU
		{AE03448A-A0E3-4248-A288-E48E711EAA39}.Release|Any CPU.Build.0 = Release|Any CPU
		{7502D329-7BDD-46DB-A627-FC77F1B96325}.Debug|Any CPU.ActiveCfg = Debug|Any CPU
		{7502D329-7BDD-46DB-A627-FC77F1B96325}.Debug|Any CPU.Build.0 = Debug|Any CPU
		{7502D329-7BDD-46DB-A627-FC77F1B96325}.Release|Any CPU.ActiveCfg = Release|Any CPU
		{7502D329-7BDD-46DB-A627-FC77F1B96325}.Release|Any CPU.Build.0 = Release|Any CPU
	EndGlobalSection
	GlobalSection(SolutionProperties) = preSolution
		HideSolutionNode = FALSE
	EndGlobalSection
	GlobalSection(ExtensibilityGlobals) = postSolution
		SolutionGuid = {7982AD1A-7E5A-476D-82B8-C714E54D2AD4}
	EndGlobalSection
EndGlobal
